// !$*UTF8*$!
{
	archiveVersion = 1;
	classes = {
	};
	objectVersion = 56;
	objects = {

/* Begin PBXBuildFile section */
		BC04099C2BCB673900E990FB /* AppDelegate.swift in Sources */ = {isa = PBXBuildFile; fileRef = BC04099B2BCB673900E990FB /* AppDelegate.swift */; };
		BC04099E2BCB673900E990FB /* SceneDelegate.swift in Sources */ = {isa = PBXBuildFile; fileRef = BC04099D2BCB673900E990FB /* SceneDelegate.swift */; };
		BC0409A02BCB673900E990FB /* ViewController.swift in Sources */ = {isa = PBXBuildFile; fileRef = BC04099F2BCB673900E990FB /* ViewController.swift */; };
		BC0409A32BCB673900E990FB /* Main.storyboard in Resources */ = {isa = PBXBuildFile; fileRef = BC0409A12BCB673900E990FB /* Main.storyboard */; };
		BC0409A52BCB673A00E990FB /* Assets.xcassets in Resources */ = {isa = PBXBuildFile; fileRef = BC0409A42BCB673A00E990FB /* Assets.xcassets */; };
		BC0409A82BCB673A00E990FB /* LaunchScreen.storyboard in Resources */ = {isa = PBXBuildFile; fileRef = BC0409A62BCB673A00E990FB /* LaunchScreen.storyboard */; };
		BC0409B22BCB67CC00E990FB /* Auth0 in Frameworks */ = {isa = PBXBuildFile; productRef = BC0409B12BCB67CC00E990FB /* Auth0 */; };
		BC0409B42BCB685400E990FB /* Auth0.plist in Resources */ = {isa = PBXBuildFile; fileRef = BC0409B32BCB685400E990FB /* Auth0.plist */; };
		BCA1B1D22BD48BEA00BAED5A /* Property List.plist in Resources */ = {isa = PBXBuildFile; fileRef = BCA1B1D12BD48BEA00BAED5A /* Property List.plist */; };
/* End PBXBuildFile section */

/* Begin PBXFileReference section */
		BC0409982BCB673900E990FB /* AuthenticateUser.app */ = {isa = PBXFileReference; explicitFileType = wrapper.application; includeInIndex = 0; path = AuthenticateUser.app; sourceTree = BUILT_PRODUCTS_DIR; };
		BC04099B2BCB673900E990FB /* AppDelegate.swift */ = {isa = PBXFileReference; lastKnownFileType = sourcecode.swift; path = AppDelegate.swift; sourceTree = "<group>"; };
		BC04099D2BCB673900E990FB /* SceneDelegate.swift */ = {isa = PBXFileReference; lastKnownFileType = sourcecode.swift; path = SceneDelegate.swift; sourceTree = "<group>"; };
		BC04099F2BCB673900E990FB /* ViewController.swift */ = {isa = PBXFileReference; lastKnownFileType = sourcecode.swift; path = ViewController.swift; sourceTree = "<group>"; };
		BC0409A22BCB673900E990FB /* Base */ = {isa = PBXFileReference; lastKnownFileType = file.storyboard; name = Base; path = Base.lproj/Main.storyboard; sourceTree = "<group>"; };
		BC0409A42BCB673A00E990FB /* Assets.xcassets */ = {isa = PBXFileReference; lastKnownFileType = folder.assetcatalog; path = Assets.xcassets; sourceTree = "<group>"; };
		BC0409A72BCB673A00E990FB /* Base */ = {isa = PBXFileReference; lastKnownFileType = file.storyboard; name = Base; path = Base.lproj/LaunchScreen.storyboard; sourceTree = "<group>"; };
		BC0409A92BCB673A00E990FB /* Info.plist */ = {isa = PBXFileReference; lastKnownFileType = text.plist.xml; path = Info.plist; sourceTree = "<group>"; };
		BC0409AF2BCB674B00E990FB /* AuthenticateUser.entitlements */ = {isa = PBXFileReference; lastKnownFileType = text.plist.entitlements; path = AuthenticateUser.entitlements; sourceTree = "<group>"; };
		BC0409B32BCB685400E990FB /* Auth0.plist */ = {isa = PBXFileReference; lastKnownFileType = text.plist.xml; path = Auth0.plist; sourceTree = "<group>"; };
		BCA1B1D12BD48BEA00BAED5A /* Property List.plist */ = {isa = PBXFileReference; lastKnownFileType = text.plist.xml; path = "Property List.plist"; sourceTree = "<group>"; };
/* End PBXFileReference section */

/* Begin PBXFrameworksBuildPhase section */
		BC0409952BCB673900E990FB /* Frameworks */ = {
			isa = PBXFrameworksBuildPhase;
			buildActionMask = 2147483647;
			files = (
				BC0409B22BCB67CC00E990FB /* Auth0 in Frameworks */,
			);
			runOnlyForDeploymentPostprocessing = 0;
		};
/* End PBXFrameworksBuildPhase section */

/* Begin PBXGroup section */
		BC04098F2BCB673900E990FB = {
			isa = PBXGroup;
			children = (
				BCA1B1D12BD48BEA00BAED5A /* Property List.plist */,
				BC04099A2BCB673900E990FB /* AuthenticateUser */,
				BC0409992BCB673900E990FB /* Products */,
			);
			sourceTree = "<group>";
		};
		BC0409992BCB673900E990FB /* Products */ = {
			isa = PBXGroup;
			children = (
				BC0409982BCB673900E990FB /* AuthenticateUser.app */,
			);
			name = Products;
			sourceTree = "<group>";
		};
		BC04099A2BCB673900E990FB /* AuthenticateUser */ = {
			isa = PBXGroup;
			children = (
				BC0409AF2BCB674B00E990FB /* AuthenticateUser.entitlements */,
				BC04099B2BCB673900E990FB /* AppDelegate.swift */,
				BC04099D2BCB673900E990FB /* SceneDelegate.swift */,
				BC04099F2BCB673900E990FB /* ViewController.swift */,
				BC0409A12BCB673900E990FB /* Main.storyboard */,
				BC0409A42BCB673A00E990FB /* Assets.xcassets */,
				BC0409A62BCB673A00E990FB /* LaunchScreen.storyboard */,
				BC0409A92BCB673A00E990FB /* Info.plist */,
				BC0409B32BCB685400E990FB /* Auth0.plist */,
			);
			path = AuthenticateUser;
			sourceTree = "<group>";
		};
/* End PBXGroup section */

/* Begin PBXNativeTarget section */
		BC0409972BCB673900E990FB /* AuthenticateUser */ = {
			isa = PBXNativeTarget;
			buildConfigurationList = BC0409AC2BCB673A00E990FB /* Build configuration list for PBXNativeTarget "AuthenticateUser" */;
			buildPhases = (
				BC0409942BCB673900E990FB /* Sources */,
				BC0409952BCB673900E990FB /* Frameworks */,
				BC0409962BCB673900E990FB /* Resources */,
			);
			buildRules = (
			);
			dependencies = (
			);
			name = AuthenticateUser;
			packageProductDependencies = (
				BC0409B12BCB67CC00E990FB /* Auth0 */,
			);
			productName = AuthenticateUser;
			productReference = BC0409982BCB673900E990FB /* AuthenticateUser.app */;
			productType = "com.apple.product-type.application";
		};
/* End PBXNativeTarget section */

/* Begin PBXProject section */
		BC0409902BCB673900E990FB /* Project object */ = {
			isa = PBXProject;
			attributes = {
				BuildIndependentTargetsInParallel = 1;
				LastSwiftUpdateCheck = 1520;
				LastUpgradeCheck = 1520;
				TargetAttributes = {
					BC0409972BCB673900E990FB = {
						CreatedOnToolsVersion = 15.2;
					};
				};
			};
			buildConfigurationList = BC0409932BCB673900E990FB /* Build configuration list for PBXProject "AuthenticateUser" */;
			compatibilityVersion = "Xcode 14.0";
			developmentRegion = en;
			hasScannedForEncodings = 0;
			knownRegions = (
				en,
				Base,
			);
			mainGroup = BC04098F2BCB673900E990FB;
			packageReferences = (
				BC0409B02BCB67CC00E990FB /* XCRemoteSwiftPackageReference "Auth0" */,
			);
			productRefGroup = BC0409992BCB673900E990FB /* Products */;
			projectDirPath = "";
			projectRoot = "";
			targets = (
				BC0409972BCB673900E990FB /* AuthenticateUser */,
			);
		};
/* End PBXProject section */

/* Begin PBXResourcesBuildPhase section */
		BC0409962BCB673900E990FB /* Resources */ = {
			isa = PBXResourcesBuildPhase;
			buildActionMask = 2147483647;
			files = (
				BC0409A82BCB673A00E990FB /* LaunchScreen.storyboard in Resources */,
				BC0409A52BCB673A00E990FB /* Assets.xcassets in Resources */,
				BC0409B42BCB685400E990FB /* Auth0.plist in Resources */,
				BCA1B1D22BD48BEA00BAED5A /* Property List.plist in Resources */,
				BC0409A32BCB673900E990FB /* Main.storyboard in Resources */,
			);
			runOnlyForDeploymentPostprocessing = 0;
		};
/* End PBXResourcesBuildPhase section */

/* Begin PBXSourcesBuildPhase section */
		BC0409942BCB673900E990FB /* Sources */ = {
			isa = PBXSourcesBuildPhase;
			buildActionMask = 2147483647;
			files = (
				BC0409A02BCB673900E990FB /* ViewController.swift in Sources */,
				BC04099C2BCB673900E990FB /* AppDelegate.swift in Sources */,
				BC04099E2BCB673900E990FB /* SceneDelegate.swift in Sources */,
			);
			runOnlyForDeploymentPostprocessing = 0;
		};
/* End PBXSourcesBuildPhase section */

/* Begin PBXVariantGroup section */
		BC0409A12BCB673900E990FB /* Main.storyboard */ = {
			isa = PBXVariantGroup;
			children = (
				BC0409A22BCB673900E990FB /* Base */,
			);
			name = Main.storyboard;
			sourceTree = "<group>";
		};
		BC0409A62BCB673A00E990FB /* LaunchScreen.storyboard */ = {
			isa = PBXVariantGroup;
			children = (
				BC0409A72BCB673A00E990FB /* Base */,
			);
			name = LaunchScreen.storyboard;
			sourceTree = "<group>";
		};
/* End PBXVariantGroup section */

/* Begin XCBuildConfiguration section */
		BC0409AA2BCB673A00E990FB /* Debug */ = {
			isa = XCBuildConfiguration;
			buildSettings = {
				ALWAYS_SEARCH_USER_PATHS = NO;
				ASSETCATALOG_COMPILER_GENERATE_SWIFT_ASSET_SYMBOL_EXTENSIONS = YES;
				CLANG_ANALYZER_NONNULL = YES;
				CLANG_ANALYZER_NUMBER_OBJECT_CONVERSION = YES_AGGRESSIVE;
				CLANG_CXX_LANGUAGE_STANDARD = "gnu++20";
				CLANG_ENABLE_MODULES = YES;
				CLANG_ENABLE_OBJC_ARC = YES;
				CLANG_ENABLE_OBJC_WEAK = YES;
				CLANG_WARN_BLOCK_CAPTURE_AUTORELEASING = YES;
				CLANG_WARN_BOOL_CONVERSION = YES;
				CLANG_WARN_COMMA = YES;
				CLANG_WARN_CONSTANT_CONVERSION = YES;
				CLANG_WARN_DEPRECATED_OBJC_IMPLEMENTATIONS = YES;
				CLANG_WARN_DIRECT_OBJC_ISA_USAGE = YES_ERROR;
				CLANG_WARN_DOCUMENTATION_COMMENTS = YES;
				CLANG_WARN_EMPTY_BODY = YES;
				CLANG_WARN_ENUM_CONVERSION = YES;
				CLANG_WARN_INFINITE_RECURSION = YES;
				CLANG_WARN_INT_CONVERSION = YES;
				CLANG_WARN_NON_LITERAL_NULL_CONVERSION = YES;
				CLANG_WARN_OBJC_IMPLICIT_RETAIN_SELF = YES;
				CLANG_WARN_OBJC_LITERAL_CONVERSION = YES;
				CLANG_WARN_OBJC_ROOT_CLASS = YES_ERROR;
				CLANG_WARN_QUOTED_INCLUDE_IN_FRAMEWORK_HEADER = YES;
				CLANG_WARN_RANGE_LOOP_ANALYSIS = YES;
				CLANG_WARN_STRICT_PROTOTYPES = YES;
				CLANG_WARN_SUSPICIOUS_MOVE = YES;
				CLANG_WARN_UNGUARDED_AVAILABILITY = YES_AGGRESSIVE;
				CLANG_WARN_UNREACHABLE_CODE = YES;
				CLANG_WARN__DUPLICATE_METHOD_MATCH = YES;
				COPY_PHASE_STRIP = NO;
				DEBUG_INFORMATION_FORMAT = dwarf;
				ENABLE_STRICT_OBJC_MSGSEND = YES;
				ENABLE_TESTABILITY = YES;
				ENABLE_USER_SCRIPT_SANDBOXING = YES;
				GCC_C_LANGUAGE_STANDARD = gnu17;
				GCC_DYNAMIC_NO_PIC = NO;
				GCC_NO_COMMON_BLOCKS = YES;
				GCC_OPTIMIZATION_LEVEL = 0;
				GCC_PREPROCESSOR_DEFINITIONS = (
					"DEBUG=1",
					"$(inherited)",
				);
				GCC_WARN_64_TO_32_BIT_CONVERSION = YES;
				GCC_WARN_ABOUT_RETURN_TYPE = YES_ERROR;
				GCC_WARN_UNDECLARED_SELECTOR = YES;
				GCC_WARN_UNINITIALIZED_AUTOS = YES_AGGRESSIVE;
				GCC_WARN_UNUSED_FUNCTION = YES;
				GCC_WARN_UNUSED_VARIABLE = YES;
				IPHONEOS_DEPLOYMENT_TARGET = 17.2;
				LOCALIZATION_PREFERS_STRING_CATALOGS = YES;
				MTL_ENABLE_DEBUG_INFO = INCLUDE_SOURCE;
				MTL_FAST_MATH = YES;
				ONLY_ACTIVE_ARCH = YES;
				SDKROOT = iphoneos;
				SWIFT_ACTIVE_COMPILATION_CONDITIONS = "DEBUG $(inherited)";
				SWIFT_OPTIMIZATION_LEVEL = "-Onone";
			};
			name = Debug;
		};
		BC0409AB2BCB673A00E990FB /* Release */ = {
			isa = XCBuildConfiguration;
			buildSettings = {
				ALWAYS_SEARCH_USER_PATHS = NO;
				ASSETCATALOG_COMPILER_GENERATE_SWIFT_ASSET_SYMBOL_EXTENSIONS = YES;
				CLANG_ANALYZER_NONNULL = YES;
				CLANG_ANALYZER_NUMBER_OBJECT_CONVERSION = YES_AGGRESSIVE;
				CLANG_CXX_LANGUAGE_STANDARD = "gnu++20";
				CLANG_ENABLE_MODULES = YES;
				CLANG_ENABLE_OBJC_ARC = YES;
				CLANG_ENABLE_OBJC_WEAK = YES;
				CLANG_WARN_BLOCK_CAPTURE_AUTORELEASING = YES;
				CLANG_WARN_BOOL_CONVERSION = YES;
				CLANG_WARN_COMMA = YES;
				CLANG_WARN_CONSTANT_CONVERSION = YES;
				CLANG_WARN_DEPRECATED_OBJC_IMPLEMENTATIONS = YES;
				CLANG_WARN_DIRECT_OBJC_ISA_USAGE = YES_ERROR;
				CLANG_WARN_DOCUMENTATION_COMMENTS = YES;
				CLANG_WARN_EMPTY_BODY = YES;
				CLANG_WARN_ENUM_CONVERSION = YES;
				CLANG_WARN_INFINITE_RECURSION = YES;
				CLANG_WARN_INT_CONVERSION = YES;
				CLANG_WARN_NON_LITERAL_NULL_CONVERSION = YES;
				CLANG_WARN_OBJC_IMPLICIT_RETAIN_SELF = YES;
				CLANG_WARN_OBJC_LITERAL_CONVERSION = YES;
				CLANG_WARN_OBJC_ROOT_CLASS = YES_ERROR;
				CLANG_WARN_QUOTED_INCLUDE_IN_FRAMEWORK_HEADER = YES;
				CLANG_WARN_RANGE_LOOP_ANALYSIS = YES;
				CLANG_WARN_STRICT_PROTOTYPES = YES;
				CLANG_WARN_SUSPICIOUS_MOVE = YES;
				CLANG_WARN_UNGUARDED_AVAILABILITY = YES_AGGRESSIVE;
				CLANG_WARN_UNREACHABLE_CODE = YES;
				CLANG_WARN__DUPLICATE_METHOD_MATCH = YES;
				COPY_PHASE_STRIP = NO;
				DEBUG_INFORMATION_FORMAT = "dwarf-with-dsym";
				ENABLE_NS_ASSERTIONS = NO;
				ENABLE_STRICT_OBJC_MSGSEND = YES;
				ENABLE_USER_SCRIPT_SANDBOXING = YES;
				GCC_C_LANGUAGE_STANDARD = gnu17;
				GCC_NO_COMMON_BLOCKS = YES;
				GCC_WARN_64_TO_32_BIT_CONVERSION = YES;
				GCC_WARN_ABOUT_RETURN_TYPE = YES_ERROR;
				GCC_WARN_UNDECLARED_SELECTOR = YES;
				GCC_WARN_UNINITIALIZED_AUTOS = YES_AGGRESSIVE;
				GCC_WARN_UNUSED_FUNCTION = YES;
				GCC_WARN_UNUSED_VARIABLE = YES;
				IPHONEOS_DEPLOYMENT_TARGET = 17.2;
				LOCALIZATION_PREFERS_STRING_CATALOGS = YES;
				MTL_ENABLE_DEBUG_INFO = NO;
				MTL_FAST_MATH = YES;
				SDKROOT = iphoneos;
				SWIFT_COMPILATION_MODE = wholemodule;
				VALIDATE_PRODUCT = YES;
			};
			name = Release;
		};
		BC0409AD2BCB673A00E990FB /* Debug */ = {
			isa = XCBuildConfiguration;
			buildSettings = {
				ASSETCATALOG_COMPILER_APPICON_NAME = AppIcon;
				ASSETCATALOG_COMPILER_GLOBAL_ACCENT_COLOR_NAME = AccentColor;
				CODE_SIGN_ENTITLEMENTS = AuthenticateUser/AuthenticateUser.entitlements;
				CODE_SIGN_IDENTITY = "Apple Development";
				CODE_SIGN_STYLE = Automatic;
				CURRENT_PROJECT_VERSION = 1;
				DEVELOPMENT_TEAM = J6HQ7TEGGX;
				GENERATE_INFOPLIST_FILE = YES;
				INFOPLIST_FILE = AuthenticateUser/Info.plist;
				INFOPLIST_KEY_UIApplicationSupportsIndirectInputEvents = YES;
				INFOPLIST_KEY_UILaunchStoryboardName = LaunchScreen;
				INFOPLIST_KEY_UIMainStoryboardFile = Main;
				INFOPLIST_KEY_UISupportedInterfaceOrientations_iPad = "UIInterfaceOrientationPortrait UIInterfaceOrientationPortraitUpsideDown UIInterfaceOrientationLandscapeLeft UIInterfaceOrientationLandscapeRight";
				INFOPLIST_KEY_UISupportedInterfaceOrientations_iPhone = "UIInterfaceOrientationPortrait UIInterfaceOrientationLandscapeLeft UIInterfaceOrientationLandscapeRight";
				LD_RUNPATH_SEARCH_PATHS = (
					"$(inherited)",
					"@executable_path/Frameworks",
				);
				MARKETING_VERSION = 1.0;
				PRODUCT_BUNDLE_IDENTIFIER = Com.OrangeAvaWrite.AuthenticateUser;
				PRODUCT_NAME = "$(TARGET_NAME)";
				PROVISIONING_PROFILE_SPECIFIER = "";
				SWIFT_EMIT_LOC_STRINGS = YES;
				SWIFT_VERSION = 5.0;
				TARGETED_DEVICE_FAMILY = "1,2";
			};
			name = Debug;
		};
		BC0409AE2BCB673A00E990FB /* Release */ = {
			isa = XCBuildConfiguration;
			buildSettings = {
				ASSETCATALOG_COMPILER_APPICON_NAME = AppIcon;
				ASSETCATALOG_COMPILER_GLOBAL_ACCENT_COLOR_NAME = AccentColor;
				CODE_SIGN_ENTITLEMENTS = AuthenticateUser/AuthenticateUser.entitlements;
				CODE_SIGN_IDENTITY = "Apple Development";
				CODE_SIGN_STYLE = Automatic;
				CURRENT_PROJECT_VERSION = 1;
				DEVELOPMENT_TEAM = J6HQ7TEGGX;
				GENERATE_INFOPLIST_FILE = YES;
				INFOPLIST_FILE = AuthenticateUser/Info.plist;
				INFOPLIST_KEY_UIApplicationSupportsIndirectInputEvents = YES;
				INFOPLIST_KEY_UILaunchStoryboardName = LaunchScreen;
				INFOPLIST_KEY_UIMainStoryboardFile = Main;
				INFOPLIST_KEY_UISupportedInterfaceOrientations_iPad = "UIInterfaceOrientationPortrait UIInterfaceOrientationPortraitUpsideDown UIInterfaceOrientationLandscapeLeft UIInterfaceOrientationLandscapeRight";
				INFOPLIST_KEY_UISupportedInterfaceOrientations_iPhone = "UIInterfaceOrientationPortrait UIInterfaceOrientationLandscapeLeft UIInterfaceOrientationLandscapeRight";
				LD_RUNPATH_SEARCH_PATHS = (
					"$(inherited)",
					"@executable_path/Frameworks",
				);
				MARKETING_VERSION = 1.0;
				PRODUCT_BUNDLE_IDENTIFIER = Com.OrangeAvaWrite.AuthenticateUser;
				PRODUCT_NAME = "$(TARGET_NAME)";
				PROVISIONING_PROFILE_SPECIFIER = "";
				SWIFT_EMIT_LOC_STRINGS = YES;
				SWIFT_VERSION = 5.0;
				TARGETED_DEVICE_FAMILY = "1,2";
			};
			name = Release;
		};
/* End XCBuildConfiguration section */

/* Begin XCConfigurationList section */
		BC0409932BCB673900E990FB /* Build configuration list for PBXProject "AuthenticateUser" */ = {
			isa = XCConfigurationList;
			buildConfigurations = (
				BC0409AA2BCB673A00E990FB /* Debug */,
				BC0409AB2BCB673A00E990FB /* Release */,
			);
			defaultConfigurationIsVisible = 0;
			defaultConfigurationName = Release;
		};
		BC0409AC2BCB673A00E990FB /* Build configuration list for PBXNativeTarget "AuthenticateUser" */ = {
			isa = XCConfigurationList;
			buildConfigurations = (
				BC0409AD2BCB673A00E990FB /* Debug */,
				BC0409AE2BCB673A00E990FB /* Release */,
			);
			defaultConfigurationIsVisible = 0;
			defaultConfigurationName = Release;
		};
/* End XCConfigurationList section */

/* Begin XCRemoteSwiftPackageReference section */
		BC0409B02BCB67CC00E990FB /* XCRemoteSwiftPackageReference "Auth0" */ = {
			isa = XCRemoteSwiftPackageReference;
			repositoryURL = "https://github.com/auth0/Auth0.swift";
			requirement = {
				kind = upToNextMajorVersion;
				minimumVersion = 2.7.0;
			};
		};
/* End XCRemoteSwiftPackageReference section */

/* Begin XCSwiftPackageProductDependency section */
		BC0409B12BCB67CC00E990FB /* Auth0 */ = {
			isa = XCSwiftPackageProductDependency;
			package = BC0409B02BCB67CC00E990FB /* XCRemoteSwiftPackageReference "Auth0" */;
			productName = Auth0;
		};
/* End XCSwiftPackageProductDependency section */
	};
	rootObject = BC0409902BCB673900E990FB /* Project object */;
}
